{
  "name": "byakko",
  "version": "0.1.0",
  "lockfileVersion": 1,
  "requires": true,
  "dependencies": {
    "@types/chrome": {
      "version": "0.0.122",
      "resolved": "https://registry.npmjs.org/@types/chrome/-/chrome-0.0.122.tgz",
      "integrity": "sha512-xHmT1AlBwKAVpQmv+/5gUsB1FXLUiizIZI6bIM52DJDtEhv97FkryHkohjw2HZqAGLOxuJ3kae7YfgWIZ+hMrg==",
      "dev": true,
      "requires": {
        "@types/filesystem": "*",
        "@types/har-format": "*"
      }
    },
    "@types/crossroads": {
      "version": "0.0.30",
      "resolved": "https://registry.npmjs.org/@types/crossroads/-/crossroads-0.0.30.tgz",
      "integrity": "sha512-1Ze8YTD5tFWeM5CtqAiJ348tDDYBOGDdLid4rnnTLYDU5sJgEjMknLx4g5yxWDHCr51nSl4Z9M/ZAEqTtyEMVA==",
      "dev": true,
      "requires": {
        "@types/signals": "*"
      }
    },
    "@types/filesystem": {
      "version": "0.0.29",
      "resolved": "https://registry.npmjs.org/@types/filesystem/-/filesystem-0.0.29.tgz",
      "integrity": "sha512-85/1KfRedmfPGsbK8YzeaQUyV1FQAvMPMTuWFQ5EkLd2w7szhNO96bk3Rh/SKmOfd9co2rCLf0Voy4o7ECBOvw==",
      "dev": true,
      "requires": {
        "@types/filewriter": "*"
      }
    },
    "@types/filewriter": {
      "version": "0.0.28",
      "resolved": "https://registry.npmjs.org/@types/filewriter/-/filewriter-0.0.28.tgz",
      "integrity": "sha1-wFTor02d11205jq8dviFFocU1LM=",
      "dev": true
    },
    "@types/har-format": {
      "version": "1.2.4",
      "resolved": "https://registry.npmjs.org/@types/har-format/-/har-format-1.2.4.tgz",
      "integrity": "sha512-iUxzm1meBm3stxUMzRqgOVHjj4Kgpgu5w9fm4X7kPRfSgVRzythsucEN7/jtOo8SQzm+HfcxWWzJS0mJDH/3DQ==",
      "dev": true
    },
    "@types/node": {
      "version": "14.6.2",
      "resolved": "https://registry.npmjs.org/@types/node/-/node-14.6.2.tgz",
      "integrity": "sha512-onlIwbaeqvZyniGPfdw/TEhKIh79pz66L1q06WUQqJLnAb6wbjvOtepLYTGHTqzdXgBYIE3ZdmqHDGsRsbBz7A==",
      "dev": true
    },
    "@types/prop-types": {
      "version": "15.7.3",
      "resolved": "https://registry.npmjs.org/@types/prop-types/-/prop-types-15.7.3.tgz",
      "integrity": "sha512-KfRL3PuHmqQLOG+2tGpRO26Ctg+Cq1E01D2DMriKEATHgWLfeNDmq9e29Q9WIky0dQ3NPkd1mzYH8Lm936Z9qw==",
      "dev": true
    },
    "@types/react": {
      "version": "16.9.48",
      "resolved": "https://registry.npmjs.org/@types/react/-/react-16.9.48.tgz",
      "integrity": "sha512-4ykBVswgYitPGMXFRxJCHkxJDU2rjfU3/zw67f8+dB7sNdVJXsrwqoYxz/stkAucymnEEbRPFmX7Ce5Mc/kJCw==",
      "dev": true,
      "requires": {
        "@types/prop-types": "*",
        "csstype": "^3.0.2"
      }
    },
    "@types/signals": {
      "version": "1.0.1",
      "resolved": "https://registry.npmjs.org/@types/signals/-/signals-1.0.1.tgz",
      "integrity": "sha512-t6qsSE/nUiDN4MO5pZIR7XdhCNt0No0oJL1y1JSYovQL7+GvWzdBI0eD0ADZ2gW4Lg+CB4/d0j1nXe9lMpEHow==",
      "dev": true
    },
    "crossroads": {
      "version": "0.12.2",
      "resolved": "https://registry.npmjs.org/crossroads/-/crossroads-0.12.2.tgz",
      "integrity": "sha1-sdX5wdmK873WHxvaaobdGu5P+PI=",
      "requires": {
        "signals": "<2.0"
      }
    },
    "csstype": {
      "version": "3.0.3",
      "resolved": "https://registry.npmjs.org/csstype/-/csstype-3.0.3.tgz",
      "integrity": "sha512-jPl+wbWPOWJ7SXsWyqGRk3lGecbar0Cb0OvZF/r/ZU011R4YqiRehgkQ9p4eQfo9DSDLqLL3wHwfxeJiuIsNag==",
      "dev": true
    },
    "mobx": {
      "version": "5.15.6",
      "resolved": "https://registry.npmjs.org/mobx/-/mobx-5.15.6.tgz",
      "integrity": "sha512-U5nnx3UNdRkUjntpwzO060VWifGVx/JZeu/aMw4y28dTjDNjoY3vNKs6tFNm7z1qIfcPInsd9L9HIm8H0zTDqg==",
      "dev": true
    },
    "mobx-react": {
      "version": "6.3.0",
      "resolved": "https://registry.npmjs.org/mobx-react/-/mobx-react-6.3.0.tgz",
      "integrity": "sha512-C14yya2nqEBRSEiJjPkhoWJLlV8pcCX3m2JRV7w1KivwANJqipoiPx9UMH4pm6QNMbqDdvJqoyl+LqNu9AhvEQ==",
      "dev": true,
      "requires": {
        "mobx-react-lite": ">=2.2.0"
      }
    },
    "mobx-react-lite": {
      "version": "2.2.0",
      "resolved": "https://registry.npmjs.org/mobx-react-lite/-/mobx-react-lite-2.2.0.tgz",
      "integrity": "sha512-FUPacb4bk21qp/wrEv2vPcqC314nGRgHQzzIPHVBGAT5GtzaYiwvMHx192/Vy8TyI4+8H5JY9689jnvDOvLRuQ==",
      "dev": true
    },
    "preact": {
      "version": "10.4.8",
      "resolved": "https://registry.npmjs.org/preact/-/preact-10.4.8.tgz",
      "integrity": "sha512-uVLeEAyRsCkUEFhVHlOu17OxcrwC7+hTGZ08kBoLBiGHiZooUZuibQnphgMKftw/rqYntNMyhVCPqQhcyAGHag==",
      "dev": true
    },
    "signals": {
      "version": "1.0.0",
      "resolved": "https://registry.npmjs.org/signals/-/signals-1.0.0.tgz",
      "integrity": "sha1-ZfDBWZNSs1Ny7KrlolDmEHN27Wk="
    },
    "typescript": {
      "version": "4.0.2",
      "resolved": "https://registry.npmjs.org/typescript/-/typescript-4.0.2.tgz",
      "integrity": "sha512-e4ERvRV2wb+rRZ/IQeb3jm2VxBsirQLpQhdxplZ2MEzGvDkkMmPglecnNDfSUBivMjP93vRbngYYDQqQ/78bcQ==",
      "dev": true
    }
  }
}
